{
  "name": "tekenradar-studies",
  "version": "1.0.0",
  "lockfileVersion": 2,
  "requires": true,
  "packages": {
    "": {
      "name": "tekenradar-studies",
      "version": "1.0.0",
      "dependencies": {
        "@types/node": "^16.10.3",
        "case-editor-tools": "^1.0.8",
        "survey-engine": "^1.1.7",
        "typescript": "^4.4.3"
      }
    },
    "node_modules/@types/node": {
      "version": "16.10.3",
      "resolved": "https://registry.npmjs.org/@types/node/-/node-16.10.3.tgz",
      "integrity": "sha512-ho3Ruq+fFnBrZhUYI46n/bV2GjwzSkwuT4dTf0GkuNFmnb8nq4ny2z9JEVemFi6bdEJanHLlYfy9c6FN9B9McQ=="
    },
    "node_modules/case-editor-tools": {
      "version": "1.0.9",
      "resolved": "https://registry.npmjs.org/case-editor-tools/-/case-editor-tools-1.0.9.tgz",
      "integrity": "sha512-68tm8E4K1vqjqk8KMPhpH1SptpH11BG4ww2F3STtvEXlCRZNaLEyheiTy1V9IymrOt2q7KDz67bb6smG/4czgA==",
      "dependencies": {
        "survey-engine": "^1.1.7"
      }
    },
    "node_modules/moment": {
      "version": "2.29.2",
      "resolved": "https://registry.npmjs.org/moment/-/moment-2.29.2.tgz",
      "integrity": "sha512-UgzG4rvxYpN15jgCmVJwac49h9ly9NurikMWGPdVxm8GZD6XjkKPxDTjQQ43gtGgnV3X0cAyWDdP2Wexoquifg==",
      "engines": {
        "node": "*"
      }
    },
    "node_modules/survey-engine": {
      "version": "1.1.7",
      "resolved": "https://registry.npmjs.org/survey-engine/-/survey-engine-1.1.7.tgz",
      "integrity": "sha512-tttSe2dX/ghpo7p1tQe20ROi3E2nOcg0YtwFXf5eQTAxdTyEntXciqcOoZJ26FVgYW19nfNv1O+rwi0rQAAOCw==",
      "dependencies": {
        "moment": "2.29.2"
      }
    },
    "node_modules/typescript": {
      "version": "4.4.3",
      "resolved": "https://registry.npmjs.org/typescript/-/typescript-4.4.3.tgz",
      "integrity": "sha512-4xfscpisVgqqDfPaJo5vkd+Qd/ItkoagnHpufr+i2QCHBsNYp+G7UAoyFl8aPtx879u38wPV65rZ8qbGZijalA==",
      "bin": {
        "tsc": "bin/tsc",
        "tsserver": "bin/tsserver"
      },
      "engines": {
        "node": ">=4.2.0"
      }
    }
  },
  "dependencies": {
    "@types/node": {
      "version": "16.10.3",
      "resolved": "https://registry.npmjs.org/@types/node/-/node-16.10.3.tgz",
      "integrity": "sha512-ho3Ruq+fFnBrZhUYI46n/bV2GjwzSkwuT4dTf0GkuNFmnb8nq4ny2z9JEVemFi6bdEJanHLlYfy9c6FN9B9McQ=="
    },
    "case-editor-tools": {
      "version": "1.0.9",
      "resolved": "https://registry.npmjs.org/case-editor-tools/-/case-editor-tools-1.0.9.tgz",
      "integrity": "sha512-68tm8E4K1vqjqk8KMPhpH1SptpH11BG4ww2F3STtvEXlCRZNaLEyheiTy1V9IymrOt2q7KDz67bb6smG/4czgA==",
      "requires": {
        "survey-engine": "^1.1.7"
      }
    },
    "moment": {
      "version": "2.29.2",
      "resolved": "https://registry.npmjs.org/moment/-/moment-2.29.2.tgz",
      "integrity": "sha512-UgzG4rvxYpN15jgCmVJwac49h9ly9NurikMWGPdVxm8GZD6XjkKPxDTjQQ43gtGgnV3X0cAyWDdP2Wexoquifg=="
    },
    "survey-engine": {
      "version": "1.1.7",
      "resolved": "https://registry.npmjs.org/survey-engine/-/survey-engine-1.1.7.tgz",
      "integrity": "sha512-tttSe2dX/ghpo7p1tQe20ROi3E2nOcg0YtwFXf5eQTAxdTyEntXciqcOoZJ26FVgYW19nfNv1O+rwi0rQAAOCw==",
      "requires": {
        "moment": "2.29.2"
      }
    },
    "typescript": {
      "version": "4.4.3",
      "resolved": "https://registry.npmjs.org/typescript/-/typescript-4.4.3.tgz",
      "integrity": "sha512-4xfscpisVgqqDfPaJo5vkd+Qd/ItkoagnHpufr+i2QCHBsNYp+G7UAoyFl8aPtx879u38wPV65rZ8qbGZijalA=="
    }
  }
}
