# THIS IS AN AUTOGENERATED FILE. DO NOT EDIT THIS FILE DIRECTLY.
# yarn lockfile v1


"@types/node@^16.10.3":
  version "16.18.12"
  resolved "https://registry.yarnpkg.com/@types/node/-/node-16.18.12.tgz#e3bfea80e31523fde4292a6118f19ffa24fd6f65"
  integrity sha512-vzLe5NaNMjIE3mcddFVGlAXN1LEWueUsMsOJWaT6wWMJGyljHAWHznqfnKUQWGzu7TLPrGvWdNAsvQYW+C0xtw==

case-editor-tools@^1.6.1:
  version "1.6.1"
  resolved "https://registry.yarnpkg.com/case-editor-tools/-/case-editor-tools-1.6.1.tgz#30b908e29b3f73aedc3aca4ac6f95d23a09a21a8"
  integrity sha512-mTJRZgriQ67tcOqPj0771wE9cNz4F+jIhbTNKVql31+iY768xQeMT+lzckyuKTh037TbFccfU5t70pcRz5CkrQ==
  dependencies:
    survey-engine "^1.2.0"

date-fns@^2.29.3:
  version "2.29.3"
  resolved "https://registry.yarnpkg.com/date-fns/-/date-fns-2.29.3.tgz#27402d2fc67eb442b511b70bbdf98e6411cd68a8"
  integrity sha512-dDCnyH2WnnKusqvZZ6+jA1O51Ibt8ZMRNkDZdyAyK4YfbDwa/cEmuztzG5pk6hqlp9aSBPYcjOlktquahGwGeA==

survey-engine@^1.2.0:
  version "1.2.1"
  resolved "https://registry.yarnpkg.com/survey-engine/-/survey-engine-1.2.1.tgz#214099ca904782c454e14962b43624f3899b16f9"
  integrity sha512-q+9m16D+Zfu5F7u0BMol5HcrfXwQaVbrfQgEyo7HMt5BLsSL6aOwvznvQaHT0wdfCruAY3Dc3LHr/ZQ6qjVdyQ==
  dependencies:
    date-fns "^2.29.3"

typescript@^4.4.3:
  version "4.9.5"
  resolved "https://registry.yarnpkg.com/typescript/-/typescript-4.9.5.tgz#095979f9bcc0d09da324d58d03ce8f8374cbe65a"
  integrity sha512-1FXk9E2Hm+QzZQ7z+McJiHL4NW1F2EzMu9Nq9i3zAaGqibafqYwCVU6WyWAuyQRRzOlxou8xZSyXLEN8oKj24g==
